PODS:
  - Alamofire (4.9.1)
  - AlamofireNetworkActivityLogger (2.4.0):
    - Alamofire (~> 4.8)
  - Kingfisher (5.13.3):
    - Kingfisher/Core (= 5.13.3)
  - Kingfisher/Core (5.13.3)
  - ObjectMapper (3.5.1)
  - SnapKit (4.2.0)

DEPENDENCIES:
  - Alamofire (= 4.9.1)
  - AlamofireNetworkActivityLogger
  - Kingfisher
  - ObjectMapper (= 3.5.1)
  - SnapKit (~> 4.0)

SPEC REPOS:
  https://github.com/CocoaPods/Specs.git:
    - Alamofire
    - AlamofireNetworkActivityLogger
    - Kingfisher
    - ObjectMapper
    - SnapKit

SPEC CHECKSUMS:
  Alamofire: 85e8a02c69d6020a0d734f6054870d7ecb75cf18
  AlamofireNetworkActivityLogger: 6d3398c692d2c5d83b0c58793537860aca1e383d
  Kingfisher: d2b3d6a7200c93b34de9afcdf25c8dd9282ec277
  ObjectMapper: 70187b8941977c62ccfb423caf6b50be405cabf0
  SnapKit: fe8a619752f3f27075cc9a90244d75c6c3f27e2a

PODFILE CHECKSUM: 7ecee85f727af8ea5febfc786a3da4896f47cbfb

COCOAPODS: 1.8.3
